
Microsoft Visual Studio Solution File, Format Version 12.00
# Visual Studio Version 17
VisualStudioVersion = 17.5.33414.496
MinimumVisualStudioVersion = 10.0.40219.1
Project("{FAE04EC0-301F-11D3-BF4B-00C04F79EFBC}") = "ValidarSenhas", "ValidarSenhas\ValidarSenhas.csproj", "{923DC4F3-D203-401C-9778-BFB7B1EF3D7C}"
EndProject
Global
	GlobalSection(SolutionConfigurationPlatforms) = preSolution
		Debug|Any CPU = Debug|Any CPU
		Release|Any CPU = Release|Any CPU
	EndGlobalSection
	GlobalSection(ProjectConfigurationPlatforms) = postSolution
		{923DC4F3-D203-401C-9778-BFB7B1EF3D7C}.Debug|Any CPU.ActiveCfg = Debug|Any CPU
		{923DC4F3-D203-401C-9778-BFB7B1EF3D7C}.Debug|Any CPU.Build.0 = Debug|Any CPU
		{923DC4F3-D203-401C-9778-BFB7B1EF3D7C}.Release|Any CPU.ActiveCfg = Release|Any CPU
		{923DC4F3-D203-401C-9778-BFB7B1EF3D7C}.Release|Any CPU.Build.0 = Release|Any CPU
	EndGlobalSection
	GlobalSection(SolutionProperties) = preSolution
		HideSolutionNode = FALSE
	EndGlobalSection
	GlobalSection(ExtensibilityGlobals) = postSolution
		SolutionGuid = {1DAD223D-D0CF-49F0-A21B-908B11A563B6}
	EndGlobalSection
EndGlobal
