
Microsoft Visual Studio Solution File, Format Version 12.00
# Visual Studio Version 17
VisualStudioVersion = 17.5.33414.496
MinimumVisualStudioVersion = 10.0.40219.1
Project("{FAE04EC0-301F-11D3-BF4B-00C04F79EFBC}") = "OperadoresAritimeticos", "OperadoresAritimeticos\OperadoresAritimeticos.csproj", "{B68DA2EA-A7A7-4A2C-A01E-2A8C6E200F6C}"
EndProject
Global
	GlobalSection(SolutionConfigurationPlatforms) = preSolution
		Debug|Any CPU = Debug|Any CPU
		Release|Any CPU = Release|Any CPU
	EndGlobalSection
	GlobalSection(ProjectConfigurationPlatforms) = postSolution
		{B68DA2EA-A7A7-4A2C-A01E-2A8C6E200F6C}.Debug|Any CPU.ActiveCfg = Debug|Any CPU
		{B68DA2EA-A7A7-4A2C-A01E-2A8C6E200F6C}.Debug|Any CPU.Build.0 = Debug|Any CPU
		{B68DA2EA-A7A7-4A2C-A01E-2A8C6E200F6C}.Release|Any CPU.ActiveCfg = Release|Any CPU
		{B68DA2EA-A7A7-4A2C-A01E-2A8C6E200F6C}.Release|Any CPU.Build.0 = Release|Any CPU
	EndGlobalSection
	GlobalSection(SolutionProperties) = preSolution
		HideSolutionNode = FALSE
	EndGlobalSection
	GlobalSection(ExtensibilityGlobals) = postSolution
		SolutionGuid = {E97CFA85-37BA-444F-82F9-8E980E9171F3}
	EndGlobalSection
EndGlobal
